
Microsoft Visual Studio Solution File, Format Version 12.00
# Visual Studio Version 16
VisualStudioVersion = 16.0.30225.117
MinimumVisualStudioVersion = 10.0.40219.1
Project("{2150E333-8FDC-42A3-9474-1A3956D46DE8}") = "Platforms", "Platforms", "{5A1AD3CE-8AAA-45C7-A7FC-A0FFB6C8EE9F}"
EndProject
Project("{FAE04EC0-301F-11D3-BF4B-00C04F79EFBC}") = "Xamarin-MVP.Android", "Xamarin-MVP.Android\Xamarin-MVP.Android.csproj", "{1F6CCBAF-392D-4E7E-9D92-299412FCC2DE}"
EndProject
Project("{2150E333-8FDC-42A3-9474-1A3956D46DE8}") = "Common", "Common", "{080D0202-DD36-4BEF-8694-57A6C15BE761}"
EndProject
Project("{9A19103F-16F7-4668-BE54-9A1E7A4F7556}") = "Xamarin-MVP.Common", "Xamarin-MVP.Common\Xamarin-MVP.Common.csproj", "{D4172711-2899-42FD-99B8-CC3CE70273E3}"
EndProject
Project("{9A19103F-16F7-4668-BE54-9A1E7A4F7556}") = "Xamarin-MVP.Ioc", "Xamarin-MVP.Ioc\Xamarin-MVP.Ioc.csproj", "{1FC305E7-C81B-4180-9701-A2D468DAF0B4}"
EndProject
Global
	GlobalSection(SolutionConfigurationPlatforms) = preSolution
		Debug|Any CPU = Debug|Any CPU
		Release|Any CPU = Release|Any CPU
	EndGlobalSection
	GlobalSection(ProjectConfigurationPlatforms) = postSolution
		{1F6CCBAF-392D-4E7E-9D92-299412FCC2DE}.Debug|Any CPU.ActiveCfg = Debug|Any CPU
		{1F6CCBAF-392D-4E7E-9D92-299412FCC2DE}.Debug|Any CPU.Build.0 = Debug|Any CPU
		{1F6CCBAF-392D-4E7E-9D92-299412FCC2DE}.Debug|Any CPU.Deploy.0 = Debug|Any CPU
		{1F6CCBAF-392D-4E7E-9D92-299412FCC2DE}.Release|Any CPU.ActiveCfg = Release|Any CPU
		{1F6CCBAF-392D-4E7E-9D92-299412FCC2DE}.Release|Any CPU.Build.0 = Release|Any CPU
		{1F6CCBAF-392D-4E7E-9D92-299412FCC2DE}.Release|Any CPU.Deploy.0 = Release|Any CPU
		{D4172711-2899-42FD-99B8-CC3CE70273E3}.Debug|Any CPU.ActiveCfg = Debug|Any CPU
		{D4172711-2899-42FD-99B8-CC3CE70273E3}.Debug|Any CPU.Build.0 = Debug|Any CPU
		{D4172711-2899-42FD-99B8-CC3CE70273E3}.Release|Any CPU.ActiveCfg = Release|Any CPU
		{D4172711-2899-42FD-99B8-CC3CE70273E3}.Release|Any CPU.Build.0 = Release|Any CPU
		{1FC305E7-C81B-4180-9701-A2D468DAF0B4}.Debug|Any CPU.ActiveCfg = Debug|Any CPU
		{1FC305E7-C81B-4180-9701-A2D468DAF0B4}.Debug|Any CPU.Build.0 = Debug|Any CPU
		{1FC305E7-C81B-4180-9701-A2D468DAF0B4}.Release|Any CPU.ActiveCfg = Release|Any CPU
		{1FC305E7-C81B-4180-9701-A2D468DAF0B4}.Release|Any CPU.Build.0 = Release|Any CPU
	EndGlobalSection
	GlobalSection(SolutionProperties) = preSolution
		HideSolutionNode = FALSE
	EndGlobalSection
	GlobalSection(NestedProjects) = preSolution
		{1F6CCBAF-392D-4E7E-9D92-299412FCC2DE} = {5A1AD3CE-8AAA-45C7-A7FC-A0FFB6C8EE9F}
		{D4172711-2899-42FD-99B8-CC3CE70273E3} = {080D0202-DD36-4BEF-8694-57A6C15BE761}
		{1FC305E7-C81B-4180-9701-A2D468DAF0B4} = {080D0202-DD36-4BEF-8694-57A6C15BE761}
	EndGlobalSection
	GlobalSection(ExtensibilityGlobals) = postSolution
		SolutionGuid = {F6671CA7-DE95-451E-8571-97808258E2E1}
	EndGlobalSection
EndGlobal
